
Microsoft Visual Studio Solution File, Format Version 12.00
# Visual Studio 15
VisualStudioVersion = 15.0.35319.79
MinimumVisualStudioVersion = 10.0.40219.1
Project("{FAE04EC0-301F-11D3-BF4B-00C04F79EFBC}") = "Mayın_Tarlası_Oyunu", "Mayın_Tarlası_Oyunu\Mayın_Tarlası_Oyunu.csproj", "{60C9B1A8-06F6-4792-A3F9-09F51281A613}"
EndProject
Global
	GlobalSection(SolutionConfigurationPlatforms) = preSolution
		Debug|Any CPU = Debug|Any CPU
		Release|Any CPU = Release|Any CPU
	EndGlobalSection
	GlobalSection(ProjectConfigurationPlatforms) = postSolution
		{60C9B1A8-06F6-4792-A3F9-09F51281A613}.Debug|Any CPU.ActiveCfg = Debug|Any CPU
		{60C9B1A8-06F6-4792-A3F9-09F51281A613}.Debug|Any CPU.Build.0 = Debug|Any CPU
		{60C9B1A8-06F6-4792-A3F9-09F51281A613}.Release|Any CPU.ActiveCfg = Release|Any CPU
		{60C9B1A8-06F6-4792-A3F9-09F51281A613}.Release|Any CPU.Build.0 = Release|Any CPU
	EndGlobalSection
	GlobalSection(SolutionProperties) = preSolution
		HideSolutionNode = FALSE
	EndGlobalSection
	GlobalSection(ExtensibilityGlobals) = postSolution
		SolutionGuid = {8AB7500F-12E7-4128-BE7B-E0647D9600A2}
	EndGlobalSection
EndGlobal
