
Microsoft Visual Studio Solution File, Format Version 12.00
# Visual Studio 15
VisualStudioVersion = 15.0.35319.79
MinimumVisualStudioVersion = 10.0.40219.1
Project("{FAE04EC0-301F-11D3-BF4B-00C04F79EFBC}") = "xoxgame", "xoxgame\xoxgame.csproj", "{C08A66DB-3FC8-4726-8922-A8356D962C53}"
EndProject
Global
	GlobalSection(SolutionConfigurationPlatforms) = preSolution
		Debug|Any CPU = Debug|Any CPU
		Release|Any CPU = Release|Any CPU
	EndGlobalSection
	GlobalSection(ProjectConfigurationPlatforms) = postSolution
		{C08A66DB-3FC8-4726-8922-A8356D962C53}.Debug|Any CPU.ActiveCfg = Debug|Any CPU
		{C08A66DB-3FC8-4726-8922-A8356D962C53}.Debug|Any CPU.Build.0 = Debug|Any CPU
		{C08A66DB-3FC8-4726-8922-A8356D962C53}.Release|Any CPU.ActiveCfg = Release|Any CPU
		{C08A66DB-3FC8-4726-8922-A8356D962C53}.Release|Any CPU.Build.0 = Release|Any CPU
	EndGlobalSection
	GlobalSection(SolutionProperties) = preSolution
		HideSolutionNode = FALSE
	EndGlobalSection
	GlobalSection(ExtensibilityGlobals) = postSolution
		SolutionGuid = {1EEF87B7-957B-4970-AED3-C1592A273A0F}
	EndGlobalSection
EndGlobal
